
Microsoft Visual Studio Solution File, Format Version 12.00
# Visual Studio Version 17
VisualStudioVersion = 17.9.34622.214
MinimumVisualStudioVersion = 10.0.40219.1
Project("{9A19103F-16F7-4668-BE54-9A1E7A4F7556}") = "BlazorNet8CleanArch.Domain", "BlazorNet8CleanArch.Domain\BlazorNet8CleanArch.Domain.csproj", "{C4F4E352-5310-4037-9310-846900C45F2B}"
EndProject
Project("{2150E333-8FDC-42A3-9474-1A3956D46DE8}") = "src", "src", "{14D2B134-66AC-4695-B1F9-3FDC9CBA505E}"
EndProject
Project("{9A19103F-16F7-4668-BE54-9A1E7A4F7556}") = "BlazorNet8CleanArch.Application", "BlazorNet8CleanArch.Application\BlazorNet8CleanArch.Application.csproj", "{7951D387-7A0A-4689-BE47-B92CB1BBC938}"
EndProject
Project("{9A19103F-16F7-4668-BE54-9A1E7A4F7556}") = "BlazorNet8CleanArch.Infrastructure", "BlazorNet8CleanArch.Infrastructure\BlazorNet8CleanArch.Infrastructure.csproj", "{0701EB11-BDEE-4E5C-9ED8-2FD0F78807D1}"
EndProject
Project("{9A19103F-16F7-4668-BE54-9A1E7A4F7556}") = "BlazorNet8CleanArch.WebUI.Client", "BlazorNet8CleanArch.WebUI.Client\BlazorNet8CleanArch.WebUI.Client.csproj", "{3AD8BC3D-4251-4368-B8B1-28A92D92A9F5}"
EndProject
Project("{9A19103F-16F7-4668-BE54-9A1E7A4F7556}") = "BlazorNet8CleanArch.WebUI", "BlazorNet8CleanArch.WebUI\BlazorNet8CleanArch.WebUI.csproj", "{23E78E82-CDDE-463C-BFBB-D3A91D643A7B}"
EndProject
Global
	GlobalSection(SolutionConfigurationPlatforms) = preSolution
		Debug|Any CPU = Debug|Any CPU
		Release|Any CPU = Release|Any CPU
	EndGlobalSection
	GlobalSection(ProjectConfigurationPlatforms) = postSolution
		{C4F4E352-5310-4037-9310-846900C45F2B}.Debug|Any CPU.ActiveCfg = Debug|Any CPU
		{C4F4E352-5310-4037-9310-846900C45F2B}.Debug|Any CPU.Build.0 = Debug|Any CPU
		{C4F4E352-5310-4037-9310-846900C45F2B}.Release|Any CPU.ActiveCfg = Release|Any CPU
		{C4F4E352-5310-4037-9310-846900C45F2B}.Release|Any CPU.Build.0 = Release|Any CPU
		{7951D387-7A0A-4689-BE47-B92CB1BBC938}.Debug|Any CPU.ActiveCfg = Debug|Any CPU
		{7951D387-7A0A-4689-BE47-B92CB1BBC938}.Debug|Any CPU.Build.0 = Debug|Any CPU
		{7951D387-7A0A-4689-BE47-B92CB1BBC938}.Release|Any CPU.ActiveCfg = Release|Any CPU
		{7951D387-7A0A-4689-BE47-B92CB1BBC938}.Release|Any CPU.Build.0 = Release|Any CPU
		{0701EB11-BDEE-4E5C-9ED8-2FD0F78807D1}.Debug|Any CPU.ActiveCfg = Debug|Any CPU
		{0701EB11-BDEE-4E5C-9ED8-2FD0F78807D1}.Debug|Any CPU.Build.0 = Debug|Any CPU
		{0701EB11-BDEE-4E5C-9ED8-2FD0F78807D1}.Release|Any CPU.ActiveCfg = Release|Any CPU
		{0701EB11-BDEE-4E5C-9ED8-2FD0F78807D1}.Release|Any CPU.Build.0 = Release|Any CPU
		{3AD8BC3D-4251-4368-B8B1-28A92D92A9F5}.Debug|Any CPU.ActiveCfg = Debug|Any CPU
		{3AD8BC3D-4251-4368-B8B1-28A92D92A9F5}.Debug|Any CPU.Build.0 = Debug|Any CPU
		{3AD8BC3D-4251-4368-B8B1-28A92D92A9F5}.Release|Any CPU.ActiveCfg = Release|Any CPU
		{3AD8BC3D-4251-4368-B8B1-28A92D92A9F5}.Release|Any CPU.Build.0 = Release|Any CPU
		{23E78E82-CDDE-463C-BFBB-D3A91D643A7B}.Debug|Any CPU.ActiveCfg = Debug|Any CPU
		{23E78E82-CDDE-463C-BFBB-D3A91D643A7B}.Debug|Any CPU.Build.0 = Debug|Any CPU
		{23E78E82-CDDE-463C-BFBB-D3A91D643A7B}.Release|Any CPU.ActiveCfg = Release|Any CPU
		{23E78E82-CDDE-463C-BFBB-D3A91D643A7B}.Release|Any CPU.Build.0 = Release|Any CPU
	EndGlobalSection
	GlobalSection(SolutionProperties) = preSolution
		HideSolutionNode = FALSE
	EndGlobalSection
	GlobalSection(NestedProjects) = preSolution
		{C4F4E352-5310-4037-9310-846900C45F2B} = {14D2B134-66AC-4695-B1F9-3FDC9CBA505E}
		{7951D387-7A0A-4689-BE47-B92CB1BBC938} = {14D2B134-66AC-4695-B1F9-3FDC9CBA505E}
		{0701EB11-BDEE-4E5C-9ED8-2FD0F78807D1} = {14D2B134-66AC-4695-B1F9-3FDC9CBA505E}
		{3AD8BC3D-4251-4368-B8B1-28A92D92A9F5} = {14D2B134-66AC-4695-B1F9-3FDC9CBA505E}
		{23E78E82-CDDE-463C-BFBB-D3A91D643A7B} = {14D2B134-66AC-4695-B1F9-3FDC9CBA505E}
	EndGlobalSection
	GlobalSection(ExtensibilityGlobals) = postSolution
		SolutionGuid = {42955F1C-2453-4156-BE68-F720296BD0AC}
	EndGlobalSection
EndGlobal
